
Microsoft Visual Studio Solution File, Format Version 12.00
Project("{2150E333-8FDC-42A3-9474-1A3956D46DE8}") = "Voxpop.Profile", "Voxpop.Profile", "{F1DB1C89-6081-475F-81DF-4534B47E47BF}"
EndProject
Project("{2150E333-8FDC-42A3-9474-1A3956D46DE8}") = "src", "src", "{82BA791F-0B71-4882-8F76-8D467DB8F44E}"
EndProject
Project("{FAE04EC0-301F-11D3-BF4B-00C04F79EFBC}") = "Voxpop.Profile.Api", "Voxpop.Profile\src\Voxpop.Profile.Api\Voxpop.Profile.Api.csproj", "{490F24B4-8127-4740-883A-FBDFA0B42AAC}"
EndProject
Project("{2150E333-8FDC-42A3-9474-1A3956D46DE8}") = "Solution Items", "Solution Items", "{603979F1-0DBF-4BF6-9C50-BEB3D4495619}"
	ProjectSection(SolutionItems) = preProject
		compose.yaml = compose.yaml
	EndProjectSection
EndProject
Project("{2150E333-8FDC-42A3-9474-1A3956D46DE8}") = "Voxpop.Identity", "Voxpop.Identity", "{2C5499BE-A6EB-46DE-BD28-C07854200791}"
	ProjectSection(SolutionItems) = preProject
		Voxpop.Identity\README.md = Voxpop.Identity\README.md
	EndProjectSection
EndProject
Project("{2150E333-8FDC-42A3-9474-1A3956D46DE8}") = "src", "src", "{F4E08E47-636B-47D1-8344-FD401E381A3D}"
EndProject
Project("{FAE04EC0-301F-11D3-BF4B-00C04F79EFBC}") = "Voxpop.Identity.Api", "Voxpop.Identity\src\Voxpop.Identity.Api\Voxpop.Identity.Api.csproj", "{AA4EAF22-78DC-4160-894B-6339B6D46587}"
EndProject
Project("{FAE04EC0-301F-11D3-BF4B-00C04F79EFBC}") = "Voxpop.Identity.Infrastructure", "Voxpop.Identity\src\Voxpop.Identity.Infrastructure\Voxpop.Identity.Infrastructure.csproj", "{215440B7-6F0C-4FA0-AAD4-D9A9ADA361CF}"
EndProject
Project("{FAE04EC0-301F-11D3-BF4B-00C04F79EFBC}") = "Voxpop.Identity.Domain", "Voxpop.Identity\src\Voxpop.Identity.Domain\Voxpop.Identity.Domain.csproj", "{378903D2-2FA5-4E19-A416-EEA2C72DA4D1}"
EndProject
Project("{FAE04EC0-301F-11D3-BF4B-00C04F79EFBC}") = "Voxpop.Identity.Application", "Voxpop.Identity\src\Voxpop.Identity.Application\Voxpop.Identity.Application.csproj", "{7E221005-C51C-4E15-B301-5FCEB343E1B7}"
EndProject
Project("{2150E333-8FDC-42A3-9474-1A3956D46DE8}") = "Voxpop.Packages", "Voxpop.Packages", "{5FBD46D5-BA2E-4D63-B8CE-2EA43A95D894}"
EndProject
Project("{2150E333-8FDC-42A3-9474-1A3956D46DE8}") = "src", "src", "{C0520DCE-FE32-44F9-8051-C255B99B139E}"
EndProject
Project("{FAE04EC0-301F-11D3-BF4B-00C04F79EFBC}") = "Voxpop.Packages.Contracts", "Voxpop.Packages\src\Voxpop.Packages.Contracts\Voxpop.Packages.Contracts.csproj", "{07F76CB9-16F5-4A86-88BE-4678F6A5BB72}"
EndProject
Project("{FAE04EC0-301F-11D3-BF4B-00C04F79EFBC}") = "Voxpop.Packages.Dispatcher", "Voxpop.Packages\src\Voxpop.Packages.Dispatcher\Voxpop.Packages.Dispatcher.csproj", "{AD4785F2-792C-4787-BAF1-1C88EFDDF3BE}"
EndProject
Project("{FAE04EC0-301F-11D3-BF4B-00C04F79EFBC}") = "Voxpop.Profile.Application", "Voxpop.Profile\src\Voxpop.Profile.Application\Voxpop.Profile.Application.csproj", "{2346D26D-9CAD-44D9-A764-E3FCAD3C5B20}"
EndProject
Project("{FAE04EC0-301F-11D3-BF4B-00C04F79EFBC}") = "Voxpop.Profile.Infrastructure", "Voxpop.Profile\src\Voxpop.Profile.Infrastructure\Voxpop.Profile.Infrastructure.csproj", "{803803FF-AA62-4932-9ED4-097BB368E32C}"
EndProject
Project("{FAE04EC0-301F-11D3-BF4B-00C04F79EFBC}") = "Voxpop.Profile.Domain", "Voxpop.Profile\src\Voxpop.Profile.Domain\Voxpop.Profile.Domain.csproj", "{B21469A9-A879-40C3-AAE7-CA76322FCF64}"
EndProject
Project("{2150E333-8FDC-42A3-9474-1A3956D46DE8}") = "Voxpop.Template", "Voxpop.Template", "{78934624-F8EA-4B38-9A70-8751F4E0B7DE}"
EndProject
Project("{2150E333-8FDC-42A3-9474-1A3956D46DE8}") = "src", "src", "{256375E5-2542-4304-A932-B26CA9DF14F6}"
EndProject
Project("{FAE04EC0-301F-11D3-BF4B-00C04F79EFBC}") = "Voxpop.Template.Api", "Voxpop.Template\src\Voxpop.Template.Api\Voxpop.Template.Api.csproj", "{9915328C-66BC-4AD5-ADD2-C1642A4F7D64}"
EndProject
Project("{FAE04EC0-301F-11D3-BF4B-00C04F79EFBC}") = "Voxpop.Template.Application", "Voxpop.Template\src\Voxpop.Template.Application\Voxpop.Template.Application.csproj", "{5F738DBD-FE29-4934-8AD6-52ADB79ED6AB}"
EndProject
Project("{FAE04EC0-301F-11D3-BF4B-00C04F79EFBC}") = "Voxpop.Template.Domain", "Voxpop.Template\src\Voxpop.Template.Domain\Voxpop.Template.Domain.csproj", "{8B2136C6-90CA-445C-A25C-C09A16EB67BB}"
EndProject
Project("{FAE04EC0-301F-11D3-BF4B-00C04F79EFBC}") = "Voxpop.Template.Infrastructure", "Voxpop.Template\src\Voxpop.Template.Infrastructure\Voxpop.Template.Infrastructure.csproj", "{2884FF7C-433B-4701-BDB0-5E7F742E467C}"
EndProject
Global
	GlobalSection(SolutionConfigurationPlatforms) = preSolution
		Debug|Any CPU = Debug|Any CPU
		Release|Any CPU = Release|Any CPU
	EndGlobalSection
	GlobalSection(NestedProjects) = preSolution
		{82BA791F-0B71-4882-8F76-8D467DB8F44E} = {F1DB1C89-6081-475F-81DF-4534B47E47BF}
		{490F24B4-8127-4740-883A-FBDFA0B42AAC} = {82BA791F-0B71-4882-8F76-8D467DB8F44E}
		{F4E08E47-636B-47D1-8344-FD401E381A3D} = {2C5499BE-A6EB-46DE-BD28-C07854200791}
		{AA4EAF22-78DC-4160-894B-6339B6D46587} = {F4E08E47-636B-47D1-8344-FD401E381A3D}
		{215440B7-6F0C-4FA0-AAD4-D9A9ADA361CF} = {F4E08E47-636B-47D1-8344-FD401E381A3D}
		{378903D2-2FA5-4E19-A416-EEA2C72DA4D1} = {F4E08E47-636B-47D1-8344-FD401E381A3D}
		{7E221005-C51C-4E15-B301-5FCEB343E1B7} = {F4E08E47-636B-47D1-8344-FD401E381A3D}
		{C0520DCE-FE32-44F9-8051-C255B99B139E} = {5FBD46D5-BA2E-4D63-B8CE-2EA43A95D894}
		{07F76CB9-16F5-4A86-88BE-4678F6A5BB72} = {C0520DCE-FE32-44F9-8051-C255B99B139E}
		{AD4785F2-792C-4787-BAF1-1C88EFDDF3BE} = {C0520DCE-FE32-44F9-8051-C255B99B139E}
		{2346D26D-9CAD-44D9-A764-E3FCAD3C5B20} = {82BA791F-0B71-4882-8F76-8D467DB8F44E}
		{803803FF-AA62-4932-9ED4-097BB368E32C} = {82BA791F-0B71-4882-8F76-8D467DB8F44E}
		{B21469A9-A879-40C3-AAE7-CA76322FCF64} = {82BA791F-0B71-4882-8F76-8D467DB8F44E}
		{256375E5-2542-4304-A932-B26CA9DF14F6} = {78934624-F8EA-4B38-9A70-8751F4E0B7DE}
		{9915328C-66BC-4AD5-ADD2-C1642A4F7D64} = {256375E5-2542-4304-A932-B26CA9DF14F6}
		{5F738DBD-FE29-4934-8AD6-52ADB79ED6AB} = {256375E5-2542-4304-A932-B26CA9DF14F6}
		{8B2136C6-90CA-445C-A25C-C09A16EB67BB} = {256375E5-2542-4304-A932-B26CA9DF14F6}
		{2884FF7C-433B-4701-BDB0-5E7F742E467C} = {256375E5-2542-4304-A932-B26CA9DF14F6}
	EndGlobalSection
	GlobalSection(ProjectConfigurationPlatforms) = postSolution
		{490F24B4-8127-4740-883A-FBDFA0B42AAC}.Debug|Any CPU.ActiveCfg = Debug|Any CPU
		{490F24B4-8127-4740-883A-FBDFA0B42AAC}.Debug|Any CPU.Build.0 = Debug|Any CPU
		{490F24B4-8127-4740-883A-FBDFA0B42AAC}.Release|Any CPU.ActiveCfg = Release|Any CPU
		{490F24B4-8127-4740-883A-FBDFA0B42AAC}.Release|Any CPU.Build.0 = Release|Any CPU
		{AA4EAF22-78DC-4160-894B-6339B6D46587}.Debug|Any CPU.ActiveCfg = Debug|Any CPU
		{AA4EAF22-78DC-4160-894B-6339B6D46587}.Debug|Any CPU.Build.0 = Debug|Any CPU
		{AA4EAF22-78DC-4160-894B-6339B6D46587}.Release|Any CPU.ActiveCfg = Release|Any CPU
		{AA4EAF22-78DC-4160-894B-6339B6D46587}.Release|Any CPU.Build.0 = Release|Any CPU
		{215440B7-6F0C-4FA0-AAD4-D9A9ADA361CF}.Debug|Any CPU.ActiveCfg = Debug|Any CPU
		{215440B7-6F0C-4FA0-AAD4-D9A9ADA361CF}.Debug|Any CPU.Build.0 = Debug|Any CPU
		{215440B7-6F0C-4FA0-AAD4-D9A9ADA361CF}.Release|Any CPU.ActiveCfg = Release|Any CPU
		{215440B7-6F0C-4FA0-AAD4-D9A9ADA361CF}.Release|Any CPU.Build.0 = Release|Any CPU
		{378903D2-2FA5-4E19-A416-EEA2C72DA4D1}.Debug|Any CPU.ActiveCfg = Debug|Any CPU
		{378903D2-2FA5-4E19-A416-EEA2C72DA4D1}.Debug|Any CPU.Build.0 = Debug|Any CPU
		{378903D2-2FA5-4E19-A416-EEA2C72DA4D1}.Release|Any CPU.ActiveCfg = Release|Any CPU
		{378903D2-2FA5-4E19-A416-EEA2C72DA4D1}.Release|Any CPU.Build.0 = Release|Any CPU
		{7E221005-C51C-4E15-B301-5FCEB343E1B7}.Debug|Any CPU.ActiveCfg = Debug|Any CPU
		{7E221005-C51C-4E15-B301-5FCEB343E1B7}.Debug|Any CPU.Build.0 = Debug|Any CPU
		{7E221005-C51C-4E15-B301-5FCEB343E1B7}.Release|Any CPU.ActiveCfg = Release|Any CPU
		{7E221005-C51C-4E15-B301-5FCEB343E1B7}.Release|Any CPU.Build.0 = Release|Any CPU
		{07F76CB9-16F5-4A86-88BE-4678F6A5BB72}.Debug|Any CPU.ActiveCfg = Debug|Any CPU
		{07F76CB9-16F5-4A86-88BE-4678F6A5BB72}.Debug|Any CPU.Build.0 = Debug|Any CPU
		{07F76CB9-16F5-4A86-88BE-4678F6A5BB72}.Release|Any CPU.ActiveCfg = Release|Any CPU
		{07F76CB9-16F5-4A86-88BE-4678F6A5BB72}.Release|Any CPU.Build.0 = Release|Any CPU
		{AD4785F2-792C-4787-BAF1-1C88EFDDF3BE}.Debug|Any CPU.ActiveCfg = Debug|Any CPU
		{AD4785F2-792C-4787-BAF1-1C88EFDDF3BE}.Debug|Any CPU.Build.0 = Debug|Any CPU
		{AD4785F2-792C-4787-BAF1-1C88EFDDF3BE}.Release|Any CPU.ActiveCfg = Release|Any CPU
		{AD4785F2-792C-4787-BAF1-1C88EFDDF3BE}.Release|Any CPU.Build.0 = Release|Any CPU
		{2346D26D-9CAD-44D9-A764-E3FCAD3C5B20}.Debug|Any CPU.ActiveCfg = Debug|Any CPU
		{2346D26D-9CAD-44D9-A764-E3FCAD3C5B20}.Debug|Any CPU.Build.0 = Debug|Any CPU
		{2346D26D-9CAD-44D9-A764-E3FCAD3C5B20}.Release|Any CPU.ActiveCfg = Release|Any CPU
		{2346D26D-9CAD-44D9-A764-E3FCAD3C5B20}.Release|Any CPU.Build.0 = Release|Any CPU
		{803803FF-AA62-4932-9ED4-097BB368E32C}.Debug|Any CPU.ActiveCfg = Debug|Any CPU
		{803803FF-AA62-4932-9ED4-097BB368E32C}.Debug|Any CPU.Build.0 = Debug|Any CPU
		{803803FF-AA62-4932-9ED4-097BB368E32C}.Release|Any CPU.ActiveCfg = Release|Any CPU
		{803803FF-AA62-4932-9ED4-097BB368E32C}.Release|Any CPU.Build.0 = Release|Any CPU
		{B21469A9-A879-40C3-AAE7-CA76322FCF64}.Debug|Any CPU.ActiveCfg = Debug|Any CPU
		{B21469A9-A879-40C3-AAE7-CA76322FCF64}.Debug|Any CPU.Build.0 = Debug|Any CPU
		{B21469A9-A879-40C3-AAE7-CA76322FCF64}.Release|Any CPU.ActiveCfg = Release|Any CPU
		{B21469A9-A879-40C3-AAE7-CA76322FCF64}.Release|Any CPU.Build.0 = Release|Any CPU
		{9915328C-66BC-4AD5-ADD2-C1642A4F7D64}.Debug|Any CPU.ActiveCfg = Debug|Any CPU
		{9915328C-66BC-4AD5-ADD2-C1642A4F7D64}.Debug|Any CPU.Build.0 = Debug|Any CPU
		{9915328C-66BC-4AD5-ADD2-C1642A4F7D64}.Release|Any CPU.ActiveCfg = Release|Any CPU
		{9915328C-66BC-4AD5-ADD2-C1642A4F7D64}.Release|Any CPU.Build.0 = Release|Any CPU
		{5F738DBD-FE29-4934-8AD6-52ADB79ED6AB}.Debug|Any CPU.ActiveCfg = Debug|Any CPU
		{5F738DBD-FE29-4934-8AD6-52ADB79ED6AB}.Debug|Any CPU.Build.0 = Debug|Any CPU
		{5F738DBD-FE29-4934-8AD6-52ADB79ED6AB}.Release|Any CPU.ActiveCfg = Release|Any CPU
		{5F738DBD-FE29-4934-8AD6-52ADB79ED6AB}.Release|Any CPU.Build.0 = Release|Any CPU
		{8B2136C6-90CA-445C-A25C-C09A16EB67BB}.Debug|Any CPU.ActiveCfg = Debug|Any CPU
		{8B2136C6-90CA-445C-A25C-C09A16EB67BB}.Debug|Any CPU.Build.0 = Debug|Any CPU
		{8B2136C6-90CA-445C-A25C-C09A16EB67BB}.Release|Any CPU.ActiveCfg = Release|Any CPU
		{8B2136C6-90CA-445C-A25C-C09A16EB67BB}.Release|Any CPU.Build.0 = Release|Any CPU
		{2884FF7C-433B-4701-BDB0-5E7F742E467C}.Debug|Any CPU.ActiveCfg = Debug|Any CPU
		{2884FF7C-433B-4701-BDB0-5E7F742E467C}.Debug|Any CPU.Build.0 = Debug|Any CPU
		{2884FF7C-433B-4701-BDB0-5E7F742E467C}.Release|Any CPU.ActiveCfg = Release|Any CPU
		{2884FF7C-433B-4701-BDB0-5E7F742E467C}.Release|Any CPU.Build.0 = Release|Any CPU
	EndGlobalSection
EndGlobal
